{
    "_meta": {
        "hash": {
            "sha256": "b6c0d17c322ae506aa930da69479d7698e10c56d25030eadc6f9d545e0ec6e7d"
        },
        "pipfile-spec": 6,
        "requires": {},
        "sources": [
            {
                "name": "pypi",
                "url": "https://pypi.python.org/simple",
                "verify_ssl": true
            }
        ]
    },
    "default": {
        "protobuf": {
            "hashes": [
                "sha256:09879a295fd7234e523b62066223b128c5a8a88f682e3aff62fb115e4a0d8be0",
                "sha256:14813a3421ff0144e8d4e81ed83a3fbe350d8d85cbe480bf2e81cf45e8083e0d",
                "sha256:18a4a387e8378dbbd53ebe9cc925ea2fe2a7b98c497833ea345803cb53b885d9",
                "sha256:24c1cc840b4832a909bbeac664fd8f878cf72b8ab97bfe4fb82a156c3f1f0e15",
                "sha256:40c943a8ffb3501164da1d2b537ad2e33d08daf81fbb3e9073bf291726a24467",
                "sha256:41e916354265d2f54b95e454305c98f90bb30fafb817119540753e67f193de57",
                "sha256:59610aeb5ade675106dca26c771814a1aa63bf2b3780584853e3dd447ed5c52f",
                "sha256:59ff8a204aa2ef98d6c25c2adffb13dda81bb4ac6ffb0829c92e801241b6477b",
                "sha256:64a3600d2a531d7c516c371efa431035ce501ab8425dcc8bdb99eddf5a4d34c9",
                "sha256:6e1c0972462ce9dc4d2860d533487b39f89de00b3f30b99c31a6b3e8fbf8b787",
                "sha256:75e1a7b12248a98b620ffbda3e41767aa2ae57c7cc553a12407a48c44f58f2e7",
                "sha256:84ed523853c82c76dd1dfd15f31de2d66fa7cb22a48aa42dbc32465868d7e4af",
                "sha256:87908d494be2b46a55de5e55ca11d9a2508b59b035c1b0549c3b692a77f57a7b",
                "sha256:88c7958dad426920a43af58c5805d2de860a33f82d47f5a102af25f2788682c7",
                "sha256:8ba58356fc40ed7749c73eeae3d86f6a9e756ba1ae5f5833990b237b7d61ba09",
                "sha256:94d159e2bbbe4df1b5f0715965e284f2156ce127a7d521a3dcbdd38e945bc4c0",
                "sha256:e457146bb9f997736460b10b2f2a9284603db4bbd60c8c431b5b4b309efbe036",
                "sha256:e774cd03628c0b2f850a09a8c005fe6113f97e37f6df07a7b20221dc1ee4efd3",
                "sha256:ec51286554eceebcf169a3a8604861e113d28fc98094dcbedc6067f058478917"
            ],
            "version": "==3.5.2"
        },
        "pycrypto": {
            "hashes": [
                "sha256:f2ce1e989b272cfcb677616763e0a2e7ec659effa67a88aa92b3a65528f60a3c"
            ],
            "version": "==2.6.1"
        },
        "python-axolotl": {
            "hashes": [
                "sha256:9af9c937d0d05ebea414f1be79ecc7517cc3541a77101941e6a2a71bdd2b6e25"
            ],
            "version": "==0.1.39"
        },
        "python-axolotl-curve25519": {
            "hashes": [
                "sha256:c559f6a5bf51e869325b36bd83c14cccd7dec1c6e7599e797f9ba27a72d339c0"
            ],
            "version": "==0.1"
        },
        "python-dateutil": {
            "hashes": [
                "sha256:891c38b2a02f5bb1be3e4793866c8df49c7d19baabf9c1bad62547e0b4866aca",
                "sha256:95511bae634d69bc7329ba55e646499a842bc4ec342ad54a8cdb65645a0aad3c"
            ],
            "version": "==2.6.1"
        },
        "selenium": {
            "hashes": [
                "sha256:60b45c045e9e658ac033ccdafb36000f39088b94336e078c89e8df18d0ef080e",
                "sha256:6a76deef7d5ea9749e3348b6c1f39df26dbffb9f0ce19ae37bcef02ce9032e41"
            ],
            "version": "==3.10.0"
        },
        "six": {
            "hashes": [
                "sha256:70e8a77beed4562e7f14fe23a786b54f6296e34344c23bc42f07b15018ff98e9",
                "sha256:832dc0e10feb1aa2c68dcc57dbb658f1c7e65b9b61af69048abc87a2db00a0eb"
            ],
            "version": "==1.11.0"
        }
    },
    "develop": {
        "autopep8": {
            "hashes": [
                "sha256:c7be71ab0cb2f50c9c22c82f0c9acaafc6f57492c3fbfee9790c415005c2b9a5"
            ],
            "version": "==1.3.4"
        },
        "configparser": {
            "hashes": [
                "sha256:5308b47021bc2340965c371f0f058cc6971a04502638d4244225c49d80db273a"
            ],
            "markers": "python_version < '3.2'",
            "version": "==3.5.0"
        },
        "coverage": {
            "hashes": [
                "sha256:03481e81d558d30d230bc12999e3edffe392d244349a90f4ef9b88425fac74ba",
                "sha256:0b136648de27201056c1869a6c0d4e23f464750fd9a9ba9750b8336a244429ed",
                "sha256:198626739a79b09fa0a2f06e083ffd12eb55449b5f8bfdbeed1df4910b2ca640",
                "sha256:28b2191e7283f4f3568962e373b47ef7f0392993bb6660d079c62bd50fe9d162",
                "sha256:2eb564bbf7816a9d68dd3369a510be3327f1c618d2357fa6b1216994c2e3d508",
                "sha256:337ded681dd2ef9ca04ef5d93cfc87e52e09db2594c296b4a0a3662cb1b41249",
                "sha256:3a2184c6d797a125dca8367878d3b9a178b6fdd05fdc2d35d758c3006a1cd694",
                "sha256:3c79a6f7b95751cdebcd9037e4d06f8d5a9b60e4ed0cd231342aa8ad7124882a",
                "sha256:3d72c20bd105022d29b14a7d628462ebdc61de2f303322c0212a054352f3b287",
                "sha256:3eb42bf89a6be7deb64116dd1cc4b08171734d721e7a7e57ad64cc4ef29ed2f1",
                "sha256:4635a184d0bbe537aa185a34193898eee409332a8ccb27eea36f262566585000",
                "sha256:56e448f051a201c5ebbaa86a5efd0ca90d327204d8b059ab25ad0f35fbfd79f1",
                "sha256:5a13ea7911ff5e1796b6d5e4fbbf6952381a611209b736d48e675c2756f3f74e",
                "sha256:69bf008a06b76619d3c3f3b1983f5145c75a305a0fea513aca094cae5c40a8f5",
                "sha256:6bc583dc18d5979dc0f6cec26a8603129de0304d5ae1f17e57a12834e7235062",
                "sha256:701cd6093d63e6b8ad7009d8a92425428bc4d6e7ab8d75efbb665c806c1d79ba",
                "sha256:7608a3dd5d73cb06c531b8925e0ef8d3de31fed2544a7de6c63960a1e73ea4bc",
                "sha256:76ecd006d1d8f739430ec50cc872889af1f9c1b6b8f48e29941814b09b0fd3cc",
                "sha256:7aa36d2b844a3e4a4b356708d79fd2c260281a7390d678a10b91ca595ddc9e99",
                "sha256:7d3f553904b0c5c016d1dad058a7554c7ac4c91a789fca496e7d8347ad040653",
                "sha256:7e1fe19bd6dce69d9fd159d8e4a80a8f52101380d5d3a4d374b6d3eae0e5de9c",
                "sha256:8c3cb8c35ec4d9506979b4cf90ee9918bc2e49f84189d9bf5c36c0c1119c6558",
                "sha256:9d6dd10d49e01571bf6e147d3b505141ffc093a06756c60b053a859cb2128b1f",
                "sha256:be6cfcd8053d13f5f5eeb284aa8a814220c3da1b0078fa859011c7fffd86dab9",
                "sha256:c1bb572fab8208c400adaf06a8133ac0712179a334c09224fb11393e920abcdd",
                "sha256:de4418dadaa1c01d497e539210cb6baa015965526ff5afc078c57ca69160108d",
                "sha256:e05cb4d9aad6233d67e0541caa7e511fa4047ed7750ec2510d466e806e0255d6",
                "sha256:f3f501f345f24383c0000395b26b726e46758b71393267aeae0bd36f8b3ade80"
            ],
            "version": "==4.5.1"
        },
        "enum34": {
            "hashes": [
                "sha256:2d81cbbe0e73112bdfe6ef8576f2238f2ba27dd0d55752a776c41d38b7da2850",
                "sha256:644837f692e5f550741432dd3f223bbb9852018674981b1664e5dc339387588a",
                "sha256:6bd0f6ad48ec2aa117d3d141940d484deccda84d4fcd884f5c3d93c23ecd8c79",
                "sha256:8ad8c4783bf61ded74527bffb48ed9b54166685e4230386a9ed9b1279e2df5b1"
            ],
            "markers": "python_version < '3.4'",
            "version": "==1.1.6"
        },
        "flake8": {
            "hashes": [
                "sha256:7253265f7abd8b313e3892944044a365e3f4ac3fcdcfb4298f55ee9ddf188ba0",
                "sha256:c7841163e2b576d435799169b78703ad6ac1bbb0f199994fc05f700b2a90ea37"
            ],
            "version": "==3.5.0"
        },
        "mccabe": {
            "hashes": [
                "sha256:ab8a6258860da4b6677da4bd2fe5dc2c659cff31b3ee4f7f5d64e79735b80d42",
                "sha256:dd8d182285a0fe56bace7f45b5e7d1a6ebcbf524e8f3bd87eb0f125271b8831f"
            ],
            "version": "==0.6.1"
        },
        "pep8": {
            "hashes": [
                "sha256:b22cfae5db09833bb9bd7c8463b53e1a9c9b39f12e304a8d0bba729c501827ee",
                "sha256:fe249b52e20498e59e0b5c5256aa52ee99fc295b26ec9eaa85776ffdb9fe6374"
            ],
            "version": "==1.7.1"
        },
        "pycodestyle": {
            "hashes": [
                "sha256:682256a5b318149ca0d2a9185d365d8864a768a28db66a84a2ea946bcc426766",
                "sha256:6c4245ade1edfad79c3446fadfc96b0de2759662dc29d07d80a6f27ad1ca6ba9"
            ],
            "version": "==2.3.1"
        },
        "pyflakes": {
            "hashes": [
                "sha256:08bd6a50edf8cffa9fa09a463063c425ecaaf10d1eb0335a7e8b1401aef89e6f",
                "sha256:8d616a382f243dbf19b54743f280b80198be0bca3a5396f1d2e1fca6223e8805"
            ],
            "version": "==1.6.0"
        }
    }
}
